// !$*UTF8*$!
{
	archiveVersion = 1;
	classes = {
	};
	objectVersion = 46;
	objects = {

/* Begin PBXBuildFile section */
		F1BC6BC91B776D2200FFE8C2 /* AppDelegate.swift in Sources */ = {isa = PBXBuildFile; fileRef = F1BC6BC81B776D2200FFE8C2 /* AppDelegate.swift */; };
		F1BC6BCB1B776D2200FFE8C2 /* ViewController.swift in Sources */ = {isa = PBXBuildFile; fileRef = F1BC6BCA1B776D2200FFE8C2 /* ViewController.swift */; };
		F1BC6BCE1B776D2200FFE8C2 /* Main.storyboard in Resources */ = {isa = PBXBuildFile; fileRef = F1BC6BCC1B776D2200FFE8C2 /* Main.storyboard */; };
		F1BC6BD01B776D2200FFE8C2 /* Assets.xcassets in Resources */ = {isa = PBXBuildFile; fileRef = F1BC6BCF1B776D2200FFE8C2 /* Assets.xcassets */; };
		F1BC6BD31B776D2200FFE8C2 /* LaunchScreen.storyboard in Resources */ = {isa = PBXBuildFile; fileRef = F1BC6BD11B776D2200FFE8C2 /* LaunchScreen.storyboard */; };
		F1BC6BDE1B776D2200FFE8C2 /* CustomSegueTests.swift in Sources */ = {isa = PBXBuildFile; fileRef = F1BC6BDD1B776D2200FFE8C2 /* CustomSegueTests.swift */; };
		F1BC6BE91B776D2200FFE8C2 /* CustomSegueUITests.swift in Sources */ = {isa = PBXBuildFile; fileRef = F1BC6BE81B776D2200FFE8C2 /* CustomSegueUITests.swift */; };
		F1BC6BF71B776E3900FFE8C2 /* music.png in Resources */ = {isa = PBXBuildFile; fileRef = F1BC6BF61B776E3900FFE8C2 /* music.png */; };
		F1BC6BF91B776F1D00FFE8C2 /* CustomSegue.swift in Sources */ = {isa = PBXBuildFile; fileRef = F1BC6BF81B776F1D00FFE8C2 /* CustomSegue.swift */; };
/* End PBXBuildFile section */

/* Begin PBXContainerItemProxy section */
		F1BC6BDA1B776D2200FFE8C2 /* PBXContainerItemProxy */ = {
			isa = PBXContainerItemProxy;
			containerPortal = F1BC6BBD1B776D2200FFE8C2 /* Project object */;
			proxyType = 1;
			remoteGlobalIDString = F1BC6BC41B776D2200FFE8C2;
			remoteInfo = CustomSegue;
		};
		F1BC6BE51B776D2200FFE8C2 /* PBXContainerItemProxy */ = {
			isa = PBXContainerItemProxy;
			containerPortal = F1BC6BBD1B776D2200FFE8C2 /* Project object */;
			proxyType = 1;
			remoteGlobalIDString = F1BC6BC41B776D2200FFE8C2;
			remoteInfo = CustomSegue;
		};
/* End PBXContainerItemProxy section */

/* Begin PBXFileReference section */
		F1BC6BC51B776D2200FFE8C2 /* CustomSegue.app */ = {isa = PBXFileReference; explicitFileType = wrapper.application; includeInIndex = 0; path = CustomSegue.app; sourceTree = BUILT_PRODUCTS_DIR; };
		F1BC6BC81B776D2200FFE8C2 /* AppDelegate.swift */ = {isa = PBXFileReference; lastKnownFileType = sourcecode.swift; path = AppDelegate.swift; sourceTree = "<group>"; };
		F1BC6BCA1B776D2200FFE8C2 /* ViewController.swift */ = {isa = PBXFileReference; lastKnownFileType = sourcecode.swift; path = ViewController.swift; sourceTree = "<group>"; };
		F1BC6BCD1B776D2200FFE8C2 /* Base */ = {isa = PBXFileReference; lastKnownFileType = file.storyboard; name = Base; path = Base.lproj/Main.storyboard; sourceTree = "<group>"; };
		F1BC6BCF1B776D2200FFE8C2 /* Assets.xcassets */ = {isa = PBXFileReference; lastKnownFileType = folder.assetcatalog; path = Assets.xcassets; sourceTree = "<group>"; };
		F1BC6BD21B776D2200FFE8C2 /* Base */ = {isa = PBXFileReference; lastKnownFileType = file.storyboard; name = Base; path = Base.lproj/LaunchScreen.storyboard; sourceTree = "<group>"; };
		F1BC6BD41B776D2200FFE8C2 /* Info.plist */ = {isa = PBXFileReference; lastKnownFileType = text.plist.xml; path = Info.plist; sourceTree = "<group>"; };
		F1BC6BD91B776D2200FFE8C2 /* CustomSegueTests.xctest */ = {isa = PBXFileReference; explicitFileType = wrapper.cfbundle; includeInIndex = 0; path = CustomSegueTests.xctest; sourceTree = BUILT_PRODUCTS_DIR; };
		F1BC6BDD1B776D2200FFE8C2 /* CustomSegueTests.swift */ = {isa = PBXFileReference; lastKnownFileType = sourcecode.swift; path = CustomSegueTests.swift; sourceTree = "<group>"; };
		F1BC6BDF1B776D2200FFE8C2 /* Info.plist */ = {isa = PBXFileReference; lastKnownFileType = text.plist.xml; path = Info.plist; sourceTree = "<group>"; };
		F1BC6BE41B776D2200FFE8C2 /* CustomSegueUITests.xctest */ = {isa = PBXFileReference; explicitFileType = wrapper.cfbundle; includeInIndex = 0; path = CustomSegueUITests.xctest; sourceTree = BUILT_PRODUCTS_DIR; };
		F1BC6BE81B776D2200FFE8C2 /* CustomSegueUITests.swift */ = {isa = PBXFileReference; lastKnownFileType = sourcecode.swift; path = CustomSegueUITests.swift; sourceTree = "<group>"; };
		F1BC6BEA1B776D2200FFE8C2 /* Info.plist */ = {isa = PBXFileReference; lastKnownFileType = text.plist.xml; path = Info.plist; sourceTree = "<group>"; };
		F1BC6BF61B776E3900FFE8C2 /* music.png */ = {isa = PBXFileReference; lastKnownFileType = image.png; path = music.png; sourceTree = "<group>"; };
		F1BC6BF81B776F1D00FFE8C2 /* CustomSegue.swift */ = {isa = PBXFileReference; fileEncoding = 4; lastKnownFileType = sourcecode.swift; path = CustomSegue.swift; sourceTree = "<group>"; };
/* End PBXFileReference section */

/* Begin PBXFrameworksBuildPhase section */
		F1BC6BC21B776D2200FFE8C2 /* Frameworks */ = {
			isa = PBXFrameworksBuildPhase;
			buildActionMask = 2147483647;
			files = (
			);
			runOnlyForDeploymentPostprocessing = 0;
		};
		F1BC6BD61B776D2200FFE8C2 /* Frameworks */ = {
			isa = PBXFrameworksBuildPhase;
			buildActionMask = 2147483647;
			files = (
			);
			runOnlyForDeploymentPostprocessing = 0;
		};
		F1BC6BE11B776D2200FFE8C2 /* Frameworks */ = {
			isa = PBXFrameworksBuildPhase;
			buildActionMask = 2147483647;
			files = (
			);
			runOnlyForDeploymentPostprocessing = 0;
		};
/* End PBXFrameworksBuildPhase section */

/* Begin PBXGroup section */
		F1BC6BBC1B776D2200FFE8C2 = {
			isa = PBXGroup;
			children = (
				F1BC6BC71B776D2200FFE8C2 /* CustomSegue */,
				F1BC6BDC1B776D2200FFE8C2 /* CustomSegueTests */,
				F1BC6BE71B776D2200FFE8C2 /* CustomSegueUITests */,
				F1BC6BC61B776D2200FFE8C2 /* Products */,
			);
			sourceTree = "<group>";
		};
		F1BC6BC61B776D2200FFE8C2 /* Products */ = {
			isa = PBXGroup;
			children = (
				F1BC6BC51B776D2200FFE8C2 /* CustomSegue.app */,
				F1BC6BD91B776D2200FFE8C2 /* CustomSegueTests.xctest */,
				F1BC6BE41B776D2200FFE8C2 /* CustomSegueUITests.xctest */,
			);
			name = Products;
			sourceTree = "<group>";
		};
		F1BC6BC71B776D2200FFE8C2 /* CustomSegue */ = {
			isa = PBXGroup;
			children = (
				F1BC6BC81B776D2200FFE8C2 /* AppDelegate.swift */,
				F1BC6BCA1B776D2200FFE8C2 /* ViewController.swift */,
				F1BC6BCC1B776D2200FFE8C2 /* Main.storyboard */,
				F1BC6BF81B776F1D00FFE8C2 /* CustomSegue.swift */,
				F1BC6BCF1B776D2200FFE8C2 /* Assets.xcassets */,
				F1BC6BF61B776E3900FFE8C2 /* music.png */,
				F1BC6BD11B776D2200FFE8C2 /* LaunchScreen.storyboard */,
				F1BC6BD41B776D2200FFE8C2 /* Info.plist */,
			);
			path = CustomSegue;
			sourceTree = "<group>";
		};
		F1BC6BDC1B776D2200FFE8C2 /* CustomSegueTests */ = {
			isa = PBXGroup;
			children = (
				F1BC6BDD1B776D2200FFE8C2 /* CustomSegueTests.swift */,
				F1BC6BDF1B776D2200FFE8C2 /* Info.plist */,
			);
			path = CustomSegueTests;
			sourceTree = "<group>";
		};
		F1BC6BE71B776D2200FFE8C2 /* CustomSegueUITests */ = {
			isa = PBXGroup;
			children = (
				F1BC6BE81B776D2200FFE8C2 /* CustomSegueUITests.swift */,
				F1BC6BEA1B776D2200FFE8C2 /* Info.plist */,
			);
			path = CustomSegueUITests;
			sourceTree = "<group>";
		};
/* End PBXGroup section */

/* Begin PBXNativeTarget section */
		F1BC6BC41B776D2200FFE8C2 /* CustomSegue */ = {
			isa = PBXNativeTarget;
			buildConfigurationList = F1BC6BED1B776D2200FFE8C2 /* Build configuration list for PBXNativeTarget "CustomSegue" */;
			buildPhases = (
				F1BC6BC11B776D2200FFE8C2 /* Sources */,
				F1BC6BC21B776D2200FFE8C2 /* Frameworks */,
				F1BC6BC31B776D2200FFE8C2 /* Resources */,
			);
			buildRules = (
			);
			dependencies = (
			);
			name = CustomSegue;
			productName = CustomSegue;
			productReference = F1BC6BC51B776D2200FFE8C2 /* CustomSegue.app */;
			productType = "com.apple.product-type.application";
		};
		F1BC6BD81B776D2200FFE8C2 /* CustomSegueTests */ = {
			isa = PBXNativeTarget;
			buildConfigurationList = F1BC6BF01B776D2200FFE8C2 /* Build configuration list for PBXNativeTarget "CustomSegueTests" */;
			buildPhases = (
				F1BC6BD51B776D2200FFE8C2 /* Sources */,
				F1BC6BD61B776D2200FFE8C2 /* Frameworks */,
				F1BC6BD71B776D2200FFE8C2 /* Resources */,
			);
			buildRules = (
			);
			dependencies = (
				F1BC6BDB1B776D2200FFE8C2 /* PBXTargetDependency */,
			);
			name = CustomSegueTests;
			productName = CustomSegueTests;
			productReference = F1BC6BD91B776D2200FFE8C2 /* CustomSegueTests.xctest */;
			productType = "com.apple.product-type.bundle.unit-test";
		};
		F1BC6BE31B776D2200FFE8C2 /* CustomSegueUITests */ = {
			isa = PBXNativeTarget;
			buildConfigurationList = F1BC6BF31B776D2200FFE8C2 /* Build configuration list for PBXNativeTarget "CustomSegueUITests" */;
			buildPhases = (
				F1BC6BE01B776D2200FFE8C2 /* Sources */,
				F1BC6BE11B776D2200FFE8C2 /* Frameworks */,
				F1BC6BE21B776D2200FFE8C2 /* Resources */,
			);
			buildRules = (
			);
			dependencies = (
				F1BC6BE61B776D2200FFE8C2 /* PBXTargetDependency */,
			);
			name = CustomSegueUITests;
			productName = CustomSegueUITests;
			productReference = F1BC6BE41B776D2200FFE8C2 /* CustomSegueUITests.xctest */;
			productType = "com.apple.product-type.bundle.ui-testing";
		};
/* End PBXNativeTarget section */

/* Begin PBXProject section */
		F1BC6BBD1B776D2200FFE8C2 /* Project object */ = {
			isa = PBXProject;
			attributes = {
				LastUpgradeCheck = 0700;
				ORGANIZATIONNAME = "John Lima";
				TargetAttributes = {
					F1BC6BC41B776D2200FFE8C2 = {
						CreatedOnToolsVersion = 7.0;
					};
					F1BC6BD81B776D2200FFE8C2 = {
						CreatedOnToolsVersion = 7.0;
						TestTargetID = F1BC6BC41B776D2200FFE8C2;
					};
					F1BC6BE31B776D2200FFE8C2 = {
						CreatedOnToolsVersion = 7.0;
						TestTargetID = F1BC6BC41B776D2200FFE8C2;
					};
				};
			};
			buildConfigurationList = F1BC6BC01B776D2200FFE8C2 /* Build configuration list for PBXProject "CustomSegue" */;
			compatibilityVersion = "Xcode 3.2";
			developmentRegion = English;
			hasScannedForEncodings = 0;
			knownRegions = (
				en,
				Base,
			);
			mainGroup = F1BC6BBC1B776D2200FFE8C2;
			productRefGroup = F1BC6BC61B776D2200FFE8C2 /* Products */;
			projectDirPath = "";
			projectRoot = "";
			targets = (
				F1BC6BC41B776D2200FFE8C2 /* CustomSegue */,
				F1BC6BD81B776D2200FFE8C2 /* CustomSegueTests */,
				F1BC6BE31B776D2200FFE8C2 /* CustomSegueUITests */,
			);
		};
/* End PBXProject section */

/* Begin PBXResourcesBuildPhase section */
		F1BC6BC31B776D2200FFE8C2 /* Resources */ = {
			isa = PBXResourcesBuildPhase;
			buildActionMask = 2147483647;
			files = (
				F1BC6BD31B776D2200FFE8C2 /* LaunchScreen.storyboard in Resources */,
				F1BC6BF71B776E3900FFE8C2 /* music.png in Resources */,
				F1BC6BD01B776D2200FFE8C2 /* Assets.xcassets in Resources */,
				F1BC6BCE1B776D2200FFE8C2 /* Main.storyboard in Resources */,
			);
			runOnlyForDeploymentPostprocessing = 0;
		};
		F1BC6BD71B776D2200FFE8C2 /* Resources */ = {
			isa = PBXResourcesBuildPhase;
			buildActionMask = 2147483647;
			files = (
			);
			runOnlyForDeploymentPostprocessing = 0;
		};
		F1BC6BE21B776D2200FFE8C2 /* Resources */ = {
			isa = PBXResourcesBuildPhase;
			buildActionMask = 2147483647;
			files = (
			);
			runOnlyForDeploymentPostprocessing = 0;
		};
/* End PBXResourcesBuildPhase section */

/* Begin PBXSourcesBuildPhase section */
		F1BC6BC11B776D2200FFE8C2 /* Sources */ = {
			isa = PBXSourcesBuildPhase;
			buildActionMask = 2147483647;
			files = (
				F1BC6BCB1B776D2200FFE8C2 /* ViewController.swift in Sources */,
				F1BC6BF91B776F1D00FFE8C2 /* CustomSegue.swift in Sources */,
				F1BC6BC91B776D2200FFE8C2 /* AppDelegate.swift in Sources */,
			);
			runOnlyForDeploymentPostprocessing = 0;
		};
		F1BC6BD51B776D2200FFE8C2 /* Sources */ = {
			isa = PBXSourcesBuildPhase;
			buildActionMask = 2147483647;
			files = (
				F1BC6BDE1B776D2200FFE8C2 /* CustomSegueTests.swift in Sources */,
			);
			runOnlyForDeploymentPostprocessing = 0;
		};
		F1BC6BE01B776D2200FFE8C2 /* Sources */ = {
			isa = PBXSourcesBuildPhase;
			buildActionMask = 2147483647;
			files = (
				F1BC6BE91B776D2200FFE8C2 /* CustomSegueUITests.swift in Sources */,
			);
			runOnlyForDeploymentPostprocessing = 0;
		};
/* End PBXSourcesBuildPhase section */

/* Begin PBXTargetDependency section */
		F1BC6BDB1B776D2200FFE8C2 /* PBXTargetDependency */ = {
			isa = PBXTargetDependency;
			target = F1BC6BC41B776D2200FFE8C2 /* CustomSegue */;
			targetProxy = F1BC6BDA1B776D2200FFE8C2 /* PBXContainerItemProxy */;
		};
		F1BC6BE61B776D2200FFE8C2 /* PBXTargetDependency */ = {
			isa = PBXTargetDependency;
			target = F1BC6BC41B776D2200FFE8C2 /* CustomSegue */;
			targetProxy = F1BC6BE51B776D2200FFE8C2 /* PBXContainerItemProxy */;
		};
/* End PBXTargetDependency section */

/* Begin PBXVariantGroup section */
		F1BC6BCC1B776D2200FFE8C2 /* Main.storyboard */ = {
			isa = PBXVariantGroup;
			children = (
				F1BC6BCD1B776D2200FFE8C2 /* Base */,
			);
			name = Main.storyboard;
			sourceTree = "<group>";
		};
		F1BC6BD11B776D2200FFE8C2 /* LaunchScreen.storyboard */ = {
			isa = PBXVariantGroup;
			children = (
				F1BC6BD21B776D2200FFE8C2 /* Base */,
			);
			name = LaunchScreen.storyboard;
			sourceTree = "<group>";
		};
/* End PBXVariantGroup section */

/* Begin XCBuildConfiguration section */
		F1BC6BEB1B776D2200FFE8C2 /* Debug */ = {
			isa = XCBuildConfiguration;
			buildSettings = {
				ALWAYS_SEARCH_USER_PATHS = NO;
				CLANG_CXX_LANGUAGE_STANDARD = "gnu++0x";
				CLANG_CXX_LIBRARY = "libc++";
				CLANG_ENABLE_MODULES = YES;
				CLANG_ENABLE_OBJC_ARC = YES;
				CLANG_WARN_BOOL_CONVERSION = YES;
				CLANG_WARN_CONSTANT_CONVERSION = YES;
				CLANG_WARN_DIRECT_OBJC_ISA_USAGE = YES_ERROR;
				CLANG_WARN_EMPTY_BODY = YES;
				CLANG_WARN_ENUM_CONVERSION = YES;
				CLANG_WARN_INT_CONVERSION = YES;
				CLANG_WARN_OBJC_ROOT_CLASS = YES_ERROR;
				CLANG_WARN_UNREACHABLE_CODE = YES;
				CLANG_WARN__DUPLICATE_METHOD_MATCH = YES;
				"CODE_SIGN_IDENTITY[sdk=iphoneos*]" = "iPhone Developer";
				COPY_PHASE_STRIP = NO;
				DEBUG_INFORMATION_FORMAT = dwarf;
				ENABLE_STRICT_OBJC_MSGSEND = YES;
				ENABLE_TESTABILITY = YES;
				GCC_C_LANGUAGE_STANDARD = gnu99;
				GCC_DYNAMIC_NO_PIC = NO;
				GCC_NO_COMMON_BLOCKS = YES;
				GCC_OPTIMIZATION_LEVEL = 0;
				GCC_PREPROCESSOR_DEFINITIONS = (
					"DEBUG=1",
					"$(inherited)",
				);
				GCC_WARN_64_TO_32_BIT_CONVERSION = YES;
				GCC_WARN_ABOUT_RETURN_TYPE = YES_ERROR;
				GCC_WARN_UNDECLARED_SELECTOR = YES;
				GCC_WARN_UNINITIALIZED_AUTOS = YES_AGGRESSIVE;
				GCC_WARN_UNUSED_FUNCTION = YES;
				GCC_WARN_UNUSED_VARIABLE = YES;
				IPHONEOS_DEPLOYMENT_TARGET = 9.0;
				MTL_ENABLE_DEBUG_INFO = YES;
				ONLY_ACTIVE_ARCH = YES;
				SDKROOT = iphoneos;
				SWIFT_OPTIMIZATION_LEVEL = "-Onone";
				TARGETED_DEVICE_FAMILY = "1,2";
			};
			name = Debug;
		};
		F1BC6BEC1B776D2200FFE8C2 /* Release */ = {
			isa = XCBuildConfiguration;
			buildSettings = {
				ALWAYS_SEARCH_USER_PATHS = NO;
				CLANG_CXX_LANGUAGE_STANDARD = "gnu++0x";
				CLANG_CXX_LIBRARY = "libc++";
				CLANG_ENABLE_MODULES = YES;
				CLANG_ENABLE_OBJC_ARC = YES;
				CLANG_WARN_BOOL_CONVERSION = YES;
				CLANG_WARN_CONSTANT_CONVERSION = YES;
				CLANG_WARN_DIRECT_OBJC_ISA_USAGE = YES_ERROR;
				CLANG_WARN_EMPTY_BODY = YES;
				CLANG_WARN_ENUM_CONVERSION = YES;
				CLANG_WARN_INT_CONVERSION = YES;
				CLANG_WARN_OBJC_ROOT_CLASS = YES_ERROR;
				CLANG_WARN_UNREACHABLE_CODE = YES;
				CLANG_WARN__DUPLICATE_METHOD_MATCH = YES;
				"CODE_SIGN_IDENTITY[sdk=iphoneos*]" = "iPhone Developer";
				COPY_PHASE_STRIP = NO;
				DEBUG_INFORMATION_FORMAT = "dwarf-with-dsym";
				ENABLE_NS_ASSERTIONS = NO;
				ENABLE_STRICT_OBJC_MSGSEND = YES;
				GCC_C_LANGUAGE_STANDARD = gnu99;
				GCC_NO_COMMON_BLOCKS = YES;
				GCC_WARN_64_TO_32_BIT_CONVERSION = YES;
				GCC_WARN_ABOUT_RETURN_TYPE = YES_ERROR;
				GCC_WARN_UNDECLARED_SELECTOR = YES;
				GCC_WARN_UNINITIALIZED_AUTOS = YES_AGGRESSIVE;
				GCC_WARN_UNUSED_FUNCTION = YES;
				GCC_WARN_UNUSED_VARIABLE = YES;
				IPHONEOS_DEPLOYMENT_TARGET = 9.0;
				MTL_ENABLE_DEBUG_INFO = NO;
				SDKROOT = iphoneos;
				TARGETED_DEVICE_FAMILY = "1,2";
				VALIDATE_PRODUCT = YES;
			};
			name = Release;
		};
		F1BC6BEE1B776D2200FFE8C2 /* Debug */ = {
			isa = XCBuildConfiguration;
			buildSettings = {
				ASSETCATALOG_COMPILER_APPICON_NAME = AppIcon;
				INFOPLIST_FILE = CustomSegue/Info.plist;
				LD_RUNPATH_SEARCH_PATHS = "$(inherited) @executable_path/Frameworks";
				PRODUCT_BUNDLE_IDENTIFIER = limadeveloper.CustomSegue;
				PRODUCT_NAME = "$(TARGET_NAME)";
			};
			name = Debug;
		};
		F1BC6BEF1B776D2200FFE8C2 /* Release */ = {
			isa = XCBuildConfiguration;
			buildSettings = {
				ASSETCATALOG_COMPILER_APPICON_NAME = AppIcon;
				INFOPLIST_FILE = CustomSegue/Info.plist;
				LD_RUNPATH_SEARCH_PATHS = "$(inherited) @executable_path/Frameworks";
				PRODUCT_BUNDLE_IDENTIFIER = limadeveloper.CustomSegue;
				PRODUCT_NAME = "$(TARGET_NAME)";
			};
			name = Release;
		};
		F1BC6BF11B776D2200FFE8C2 /* Debug */ = {
			isa = XCBuildConfiguration;
			buildSettings = {
				BUNDLE_LOADER = "$(TEST_HOST)";
				INFOPLIST_FILE = CustomSegueTests/Info.plist;
				LD_RUNPATH_SEARCH_PATHS = "$(inherited) @executable_path/Frameworks @loader_path/Frameworks";
				PRODUCT_BUNDLE_IDENTIFIER = limadeveloper.CustomSegueTests;
				PRODUCT_NAME = "$(TARGET_NAME)";
				TEST_HOST = "$(BUILT_PRODUCTS_DIR)/CustomSegue.app/CustomSegue";
			};
			name = Debug;
		};
		F1BC6BF21B776D2200FFE8C2 /* Release */ = {
			isa = XCBuildConfiguration;
			buildSettings = {
				BUNDLE_LOADER = "$(TEST_HOST)";
				INFOPLIST_FILE = CustomSegueTests/Info.plist;
				LD_RUNPATH_SEARCH_PATHS = "$(inherited) @executable_path/Frameworks @loader_path/Frameworks";
				PRODUCT_BUNDLE_IDENTIFIER = limadeveloper.CustomSegueTests;
				PRODUCT_NAME = "$(TARGET_NAME)";
				TEST_HOST = "$(BUILT_PRODUCTS_DIR)/CustomSegue.app/CustomSegue";
			};
			name = Release;
		};
		F1BC6BF41B776D2200FFE8C2 /* Debug */ = {
			isa = XCBuildConfiguration;
			buildSettings = {
				INFOPLIST_FILE = CustomSegueUITests/Info.plist;
				LD_RUNPATH_SEARCH_PATHS = "$(inherited) @executable_path/Frameworks @loader_path/Frameworks";
				PRODUCT_BUNDLE_IDENTIFIER = limadeveloper.CustomSegueUITests;
				PRODUCT_NAME = "$(TARGET_NAME)";
				TEST_TARGET_NAME = CustomSegue;
				USES_XCTRUNNER = YES;
			};
			name = Debug;
		};
		F1BC6BF51B776D2200FFE8C2 /* Release */ = {
			isa = XCBuildConfiguration;
			buildSettings = {
				INFOPLIST_FILE = CustomSegueUITests/Info.plist;
				LD_RUNPATH_SEARCH_PATHS = "$(inherited) @executable_path/Frameworks @loader_path/Frameworks";
				PRODUCT_BUNDLE_IDENTIFIER = limadeveloper.CustomSegueUITests;
				PRODUCT_NAME = "$(TARGET_NAME)";
				TEST_TARGET_NAME = CustomSegue;
				USES_XCTRUNNER = YES;
			};
			name = Release;
		};
/* End XCBuildConfiguration section */

/* Begin XCConfigurationList section */
		F1BC6BC01B776D2200FFE8C2 /* Build configuration list for PBXProject "CustomSegue" */ = {
			isa = XCConfigurationList;
			buildConfigurations = (
				F1BC6BEB1B776D2200FFE8C2 /* Debug */,
				F1BC6BEC1B776D2200FFE8C2 /* Release */,
			);
			defaultConfigurationIsVisible = 0;
			defaultConfigurationName = Release;
		};
		F1BC6BED1B776D2200FFE8C2 /* Build configuration list for PBXNativeTarget "CustomSegue" */ = {
			isa = XCConfigurationList;
			buildConfigurations = (
				F1BC6BEE1B776D2200FFE8C2 /* Debug */,
				F1BC6BEF1B776D2200FFE8C2 /* Release */,
			);
			defaultConfigurationIsVisible = 0;
		};
		F1BC6BF01B776D2200FFE8C2 /* Build configuration list for PBXNativeTarget "CustomSegueTests" */ = {
			isa = XCConfigurationList;
			buildConfigurations = (
				F1BC6BF11B776D2200FFE8C2 /* Debug */,
				F1BC6BF21B776D2200FFE8C2 /* Release */,
			);
			defaultConfigurationIsVisible = 0;
		};
		F1BC6BF31B776D2200FFE8C2 /* Build configuration list for PBXNativeTarget "CustomSegueUITests" */ = {
			isa = XCConfigurationList;
			buildConfigurations = (
				F1BC6BF41B776D2200FFE8C2 /* Debug */,
				F1BC6BF51B776D2200FFE8C2 /* Release */,
			);
			defaultConfigurationIsVisible = 0;
		};
/* End XCConfigurationList section */
	};
	rootObject = F1BC6BBD1B776D2200FFE8C2 /* Project object */;
}
